<?xml version="1.0" encoding="utf-8"?>
<Project ToolsVersion="4.0" xmlns="http://schemas.microsoft.com/developer/msbuild/2003">
  <ItemGroup>
    <FxCompile Include="SphereEffect.fx">
      <Filter>Resource Files</Filter>
    </FxCompile>
    <FxCompile Include="SpherePS.hlsl">
      <Filter>Resource Files</Filter>
    </FxCompile>
    <FxCompile Include="SphereVS.hlsl">
      <Filter>Resource Files</Filter>
    </FxCompile>
  </ItemGroup>
  <ItemGroup>
    <ClCompile Include="CCue.cpp">
      <Filter>Source Files</Filter>
    </ClCompile>
    <ClCompile Include="CObject.cpp">
      <Filter>Source Files</Filter>
    </ClCompile>
    <ClCompile Include="CLight.cpp">
      <Filter>Source Files</Filter>
    </ClCompile>
    <ClCompile Include="CSphere.cpp">
      <Filter>Source Files</Filter>
    </ClCompile>
    <ClCompile Include="CText.cpp">
      <Filter>Source Files</Filter>
    </ClCompile>
    <ClCompile Include="d3dUtility.cpp">
      <Filter>Source Files</Filter>
    </ClCompile>
    <ClCompile Include="CWall.cpp">
      <Filter>Source Files</Filter>
    </ClCompile>
    <ClCompile Include="virtualLego.cpp">
      <Filter>Source Files</Filter>
    </ClCompile>
    <ClCompile Include="CPlayer.cpp">
      <Filter>Source Files</Filter>
    </ClCompile>
  </ItemGroup>
  <ItemGroup>
    <ClInclude Include="IVisible.h">
      <Filter>Header Files</Filter>
    </ClInclude>
    <ClInclude Include="ICollidable.h">
      <Filter>Header Files</Filter>
    </ClInclude>
    <ClInclude Include="CWall.h">
      <Filter>Header Files</Filter>
    </ClInclude>
    <ClInclude Include="CText.h">
      <Filter>Header Files</Filter>
    </ClInclude>
    <ClInclude Include="CSphere.h">
      <Filter>Header Files</Filter>
    </ClInclude>
    <ClInclude Include="CObject.h">
      <Filter>Header Files</Filter>
    </ClInclude>
    <ClInclude Include="ConstVariable.h">
      <Filter>Header Files</Filter>
    </ClInclude>
    <ClInclude Include="CLight.h">
      <Filter>Header Files</Filter>
    </ClInclude>
    <ClInclude Include="CCue.h">
      <Filter>Header Files</Filter>
    </ClInclude>
    <ClInclude Include="d3dUtility.h">
      <Filter>Header Files</Filter>
    </ClInclude>
    <ClInclude Include="CRay.h">
      <Filter>Header Files</Filter>
    </ClInclude>
    <ClInclude Include="CPlayer.h">
      <Filter>Header Files</Filter>
    </ClInclude>
  </ItemGroup>
  <ItemGroup>
    <None Include="ClassDiagram1.cd" />
  </ItemGroup>
  <ItemGroup>
    <Filter Include="Header Files">
      <UniqueIdentifier>{984a6017-7c2a-44a5-a268-86ceb4bd1ed7}</UniqueIdentifier>
    </Filter>
    <Filter Include="Resource Files">
      <UniqueIdentifier>{a87f3ebf-92c7-45ef-b9b2-b8c3dad12165}</UniqueIdentifier>
    </Filter>
    <Filter Include="Source Files">
      <UniqueIdentifier>{67c0c79a-9d77-4004-b623-a519aa2ea7ca}</UniqueIdentifier>
    </Filter>
  </ItemGroup>
</Project>